<?xml version="1.0" encoding="utf-8"?>
<Project ToolsVersion="4.0" xmlns="http://schemas.microsoft.com/developer/msbuild/2003">
  <ItemGroup>
    <ClCompile Include="renderergl.cpp" />
    <ClCompile Include="render_context_gl.cpp" />
  </ItemGroup>
  <ItemGroup>
    <ClInclude Include="renderergl.h" />
    <ClInclude Include="render_context_gl.h" />
  </ItemGroup>
</Project>