
Microsoft Visual Studio Solution File, Format Version 12.00
# Visual Studio 14
VisualStudioVersion = 14.0.25123.0
MinimumVisualStudioVersion = 10.0.40219.1
Project("{2150E333-8FDC-42A3-9474-1A3956D46DE8}") = "WingEngine", "WingEngine", "{A2AB19DB-A122-4144-B9B0-5DCC65B8BBDC}"
EndProject
Project("{2150E333-8FDC-42A3-9474-1A3956D46DE8}") = "Test", "Test", "{F244EA25-CC06-435E-A0BD-27FFB67C56B1}"
EndProject
Project("{8BC9CEB8-8B4A-11D0-8D11-00A0C91BC942}") = "WICore_Test", "Test\WICore_Test\WICore_Test.vcxproj", "{68AD3D23-7B5D-4C15-81F2-37B3290CC929}"
	ProjectSection(ProjectDependencies) = postProject
		{DE14912F-64A7-4713-9E54-D39560750C56} = {DE14912F-64A7-4713-9E54-D39560750C56}
		{AEC11174-B830-450A-ADD6-3EFEB0D3A7C4} = {AEC11174-B830-450A-ADD6-3EFEB0D3A7C4}
		{6FC755DE-1250-4E8A-9A55-F2547D112A81} = {6FC755DE-1250-4E8A-9A55-F2547D112A81}
	EndProjectSection
EndProject
Project("{2150E333-8FDC-42A3-9474-1A3956D46DE8}") = "3rdparty", "3rdparty", "{90ACDB58-529F-4718-921B-429E74B42FBD}"
EndProject
Project("{8BC9CEB8-8B4A-11D0-8D11-00A0C91BC942}") = "tinyxml2", "Code\3rdparty\tinyxml2\tinyxml2\tinyxml2.vcxproj", "{D1C528B6-AA02-4D29-9D61-DC08E317A70D}"
EndProject
Project("{8BC9CEB8-8B4A-11D0-8D11-00A0C91BC942}") = "WingCore", "Code\Core\WingCore.vcxproj", "{DE14912F-64A7-4713-9E54-D39560750C56}"
EndProject
Project("{8BC9CEB8-8B4A-11D0-8D11-00A0C91BC942}") = "WIEngineTest", "Test\WIEngineTest\WIEngineTest.vcxproj", "{4C30B5FB-1E44-4E97-AF33-1F4E787CED53}"
	ProjectSection(ProjectDependencies) = postProject
		{DE14912F-64A7-4713-9E54-D39560750C56} = {DE14912F-64A7-4713-9E54-D39560750C56}
		{AEC11174-B830-450A-ADD6-3EFEB0D3A7C4} = {AEC11174-B830-450A-ADD6-3EFEB0D3A7C4}
		{6FC755DE-1250-4E8A-9A55-F2547D112A81} = {6FC755DE-1250-4E8A-9A55-F2547D112A81}
	EndProjectSection
EndProject
Project("{8BC9CEB8-8B4A-11D0-8D11-00A0C91BC942}") = "WingEngine", "Code\Engine\WingEngine.vcxproj", "{6FC755DE-1250-4E8A-9A55-F2547D112A81}"
EndProject
Project("{8BC9CEB8-8B4A-11D0-8D11-00A0C91BC942}") = "WingRendererGL", "Code\RendererGL\WingRendererGL.vcxproj", "{AEC11174-B830-450A-ADD6-3EFEB0D3A7C4}"
EndProject
Project("{2150E333-8FDC-42A3-9474-1A3956D46DE8}") = "Tools", "Tools", "{869576B3-1D39-421A-96BC-C9F7E4049CF2}"
EndProject
Project("{8BC9CEB8-8B4A-11D0-8D11-00A0C91BC942}") = "MeshConvert", "Tools\MeshConvert\MeshConvert.vcxproj", "{2CFC48EA-53A4-4197-BCCD-929202E2E62F}"
	ProjectSection(ProjectDependencies) = postProject
		{DE14912F-64A7-4713-9E54-D39560750C56} = {DE14912F-64A7-4713-9E54-D39560750C56}
		{6FC755DE-1250-4E8A-9A55-F2547D112A81} = {6FC755DE-1250-4E8A-9A55-F2547D112A81}
	EndProjectSection
EndProject
Global
	GlobalSection(SolutionConfigurationPlatforms) = preSolution
		Debug|x64 = Debug|x64
		Debug|x86 = Debug|x86
		Debug-Dll|x64 = Debug-Dll|x64
		Debug-Dll|x86 = Debug-Dll|x86
		Debug-Lib|x64 = Debug-Lib|x64
		Debug-Lib|x86 = Debug-Lib|x86
		Release|x64 = Release|x64
		Release|x86 = Release|x86
		Release-Dll|x64 = Release-Dll|x64
		Release-Dll|x86 = Release-Dll|x86
		Release-Lib|x64 = Release-Lib|x64
		Release-Lib|x86 = Release-Lib|x86
	EndGlobalSection
	GlobalSection(ProjectConfigurationPlatforms) = postSolution
		{68AD3D23-7B5D-4C15-81F2-37B3290CC929}.Debug|x64.ActiveCfg = Debug|x64
		{68AD3D23-7B5D-4C15-81F2-37B3290CC929}.Debug|x64.Build.0 = Debug|x64
		{68AD3D23-7B5D-4C15-81F2-37B3290CC929}.Debug|x86.ActiveCfg = Debug|Win32
		{68AD3D23-7B5D-4C15-81F2-37B3290CC929}.Debug|x86.Build.0 = Debug|Win32
		{68AD3D23-7B5D-4C15-81F2-37B3290CC929}.Debug-Dll|x64.ActiveCfg = Debug|x64
		{68AD3D23-7B5D-4C15-81F2-37B3290CC929}.Debug-Dll|x64.Build.0 = Debug|x64
		{68AD3D23-7B5D-4C15-81F2-37B3290CC929}.Debug-Dll|x86.ActiveCfg = Debug|Win32
		{68AD3D23-7B5D-4C15-81F2-37B3290CC929}.Debug-Dll|x86.Build.0 = Debug|Win32
		{68AD3D23-7B5D-4C15-81F2-37B3290CC929}.Debug-Lib|x64.ActiveCfg = Debug|x64
		{68AD3D23-7B5D-4C15-81F2-37B3290CC929}.Debug-Lib|x64.Build.0 = Debug|x64
		{68AD3D23-7B5D-4C15-81F2-37B3290CC929}.Debug-Lib|x86.ActiveCfg = Debug|Win32
		{68AD3D23-7B5D-4C15-81F2-37B3290CC929}.Debug-Lib|x86.Build.0 = Debug|Win32
		{68AD3D23-7B5D-4C15-81F2-37B3290CC929}.Release|x64.ActiveCfg = Release|x64
		{68AD3D23-7B5D-4C15-81F2-37B3290CC929}.Release|x64.Build.0 = Release|x64
		{68AD3D23-7B5D-4C15-81F2-37B3290CC929}.Release|x86.ActiveCfg = Release|Win32
		{68AD3D23-7B5D-4C15-81F2-37B3290CC929}.Release|x86.Build.0 = Release|Win32
		{68AD3D23-7B5D-4C15-81F2-37B3290CC929}.Release-Dll|x64.ActiveCfg = Release|x64
		{68AD3D23-7B5D-4C15-81F2-37B3290CC929}.Release-Dll|x64.Build.0 = Release|x64
		{68AD3D23-7B5D-4C15-81F2-37B3290CC929}.Release-Dll|x86.ActiveCfg = Release|Win32
		{68AD3D23-7B5D-4C15-81F2-37B3290CC929}.Release-Dll|x86.Build.0 = Release|Win32
		{68AD3D23-7B5D-4C15-81F2-37B3290CC929}.Release-Lib|x64.ActiveCfg = Release|x64
		{68AD3D23-7B5D-4C15-81F2-37B3290CC929}.Release-Lib|x64.Build.0 = Release|x64
		{68AD3D23-7B5D-4C15-81F2-37B3290CC929}.Release-Lib|x86.ActiveCfg = Release|Win32
		{68AD3D23-7B5D-4C15-81F2-37B3290CC929}.Release-Lib|x86.Build.0 = Release|Win32
		{D1C528B6-AA02-4D29-9D61-DC08E317A70D}.Debug|x64.ActiveCfg = Debug-Dll|x64
		{D1C528B6-AA02-4D29-9D61-DC08E317A70D}.Debug|x64.Build.0 = Debug-Dll|x64
		{D1C528B6-AA02-4D29-9D61-DC08E317A70D}.Debug|x86.ActiveCfg = Debug-Dll|Win32
		{D1C528B6-AA02-4D29-9D61-DC08E317A70D}.Debug|x86.Build.0 = Debug-Dll|Win32
		{D1C528B6-AA02-4D29-9D61-DC08E317A70D}.Debug-Dll|x64.ActiveCfg = Debug-Dll|x64
		{D1C528B6-AA02-4D29-9D61-DC08E317A70D}.Debug-Dll|x64.Build.0 = Debug-Dll|x64
		{D1C528B6-AA02-4D29-9D61-DC08E317A70D}.Debug-Dll|x86.ActiveCfg = Debug-Dll|Win32
		{D1C528B6-AA02-4D29-9D61-DC08E317A70D}.Debug-Dll|x86.Build.0 = Debug-Dll|Win32
		{D1C528B6-AA02-4D29-9D61-DC08E317A70D}.Debug-Lib|x64.ActiveCfg = Debug-Lib|x64
		{D1C528B6-AA02-4D29-9D61-DC08E317A70D}.Debug-Lib|x64.Build.0 = Debug-Lib|x64
		{D1C528B6-AA02-4D29-9D61-DC08E317A70D}.Debug-Lib|x86.ActiveCfg = Debug-Lib|Win32
		{D1C528B6-AA02-4D29-9D61-DC08E317A70D}.Debug-Lib|x86.Build.0 = Debug-Lib|Win32
		{D1C528B6-AA02-4D29-9D61-DC08E317A70D}.Release|x64.ActiveCfg = Release-Lib|x64
		{D1C528B6-AA02-4D29-9D61-DC08E317A70D}.Release|x64.Build.0 = Release-Lib|x64
		{D1C528B6-AA02-4D29-9D61-DC08E317A70D}.Release|x86.ActiveCfg = Release-Lib|Win32
		{D1C528B6-AA02-4D29-9D61-DC08E317A70D}.Release|x86.Build.0 = Release-Lib|Win32
		{D1C528B6-AA02-4D29-9D61-DC08E317A70D}.Release-Dll|x64.ActiveCfg = Release-Dll|x64
		{D1C528B6-AA02-4D29-9D61-DC08E317A70D}.Release-Dll|x64.Build.0 = Release-Dll|x64
		{D1C528B6-AA02-4D29-9D61-DC08E317A70D}.Release-Dll|x86.ActiveCfg = Release-Dll|Win32
		{D1C528B6-AA02-4D29-9D61-DC08E317A70D}.Release-Dll|x86.Build.0 = Release-Dll|Win32
		{D1C528B6-AA02-4D29-9D61-DC08E317A70D}.Release-Lib|x64.ActiveCfg = Release-Lib|x64
		{D1C528B6-AA02-4D29-9D61-DC08E317A70D}.Release-Lib|x64.Build.0 = Release-Lib|x64
		{D1C528B6-AA02-4D29-9D61-DC08E317A70D}.Release-Lib|x86.ActiveCfg = Release-Lib|Win32
		{D1C528B6-AA02-4D29-9D61-DC08E317A70D}.Release-Lib|x86.Build.0 = Release-Lib|Win32
		{DE14912F-64A7-4713-9E54-D39560750C56}.Debug|x64.ActiveCfg = Debug|x64
		{DE14912F-64A7-4713-9E54-D39560750C56}.Debug|x64.Build.0 = Debug|x64
		{DE14912F-64A7-4713-9E54-D39560750C56}.Debug|x86.ActiveCfg = Debug|Win32
		{DE14912F-64A7-4713-9E54-D39560750C56}.Debug|x86.Build.0 = Debug|Win32
		{DE14912F-64A7-4713-9E54-D39560750C56}.Debug-Dll|x64.ActiveCfg = Debug|x64
		{DE14912F-64A7-4713-9E54-D39560750C56}.Debug-Dll|x64.Build.0 = Debug|x64
		{DE14912F-64A7-4713-9E54-D39560750C56}.Debug-Dll|x86.ActiveCfg = Debug|Win32
		{DE14912F-64A7-4713-9E54-D39560750C56}.Debug-Dll|x86.Build.0 = Debug|Win32
		{DE14912F-64A7-4713-9E54-D39560750C56}.Debug-Lib|x64.ActiveCfg = Debug|x64
		{DE14912F-64A7-4713-9E54-D39560750C56}.Debug-Lib|x64.Build.0 = Debug|x64
		{DE14912F-64A7-4713-9E54-D39560750C56}.Debug-Lib|x86.ActiveCfg = Debug|Win32
		{DE14912F-64A7-4713-9E54-D39560750C56}.Debug-Lib|x86.Build.0 = Debug|Win32
		{DE14912F-64A7-4713-9E54-D39560750C56}.Release|x64.ActiveCfg = Release|x64
		{DE14912F-64A7-4713-9E54-D39560750C56}.Release|x64.Build.0 = Release|x64
		{DE14912F-64A7-4713-9E54-D39560750C56}.Release|x86.ActiveCfg = Release|Win32
		{DE14912F-64A7-4713-9E54-D39560750C56}.Release|x86.Build.0 = Release|Win32
		{DE14912F-64A7-4713-9E54-D39560750C56}.Release-Dll|x64.ActiveCfg = Release|x64
		{DE14912F-64A7-4713-9E54-D39560750C56}.Release-Dll|x64.Build.0 = Release|x64
		{DE14912F-64A7-4713-9E54-D39560750C56}.Release-Dll|x86.ActiveCfg = Release|Win32
		{DE14912F-64A7-4713-9E54-D39560750C56}.Release-Dll|x86.Build.0 = Release|Win32
		{DE14912F-64A7-4713-9E54-D39560750C56}.Release-Lib|x64.ActiveCfg = Release|x64
		{DE14912F-64A7-4713-9E54-D39560750C56}.Release-Lib|x64.Build.0 = Release|x64
		{DE14912F-64A7-4713-9E54-D39560750C56}.Release-Lib|x86.ActiveCfg = Release|Win32
		{DE14912F-64A7-4713-9E54-D39560750C56}.Release-Lib|x86.Build.0 = Release|Win32
		{4C30B5FB-1E44-4E97-AF33-1F4E787CED53}.Debug|x64.ActiveCfg = Debug|x64
		{4C30B5FB-1E44-4E97-AF33-1F4E787CED53}.Debug|x64.Build.0 = Debug|x64
		{4C30B5FB-1E44-4E97-AF33-1F4E787CED53}.Debug|x86.ActiveCfg = Debug|Win32
		{4C30B5FB-1E44-4E97-AF33-1F4E787CED53}.Debug|x86.Build.0 = Debug|Win32
		{4C30B5FB-1E44-4E97-AF33-1F4E787CED53}.Debug-Dll|x64.ActiveCfg = Debug|x64
		{4C30B5FB-1E44-4E97-AF33-1F4E787CED53}.Debug-Dll|x64.Build.0 = Debug|x64
		{4C30B5FB-1E44-4E97-AF33-1F4E787CED53}.Debug-Dll|x86.ActiveCfg = Debug|Win32
		{4C30B5FB-1E44-4E97-AF33-1F4E787CED53}.Debug-Dll|x86.Build.0 = Debug|Win32
		{4C30B5FB-1E44-4E97-AF33-1F4E787CED53}.Debug-Lib|x64.ActiveCfg = Debug|x64
		{4C30B5FB-1E44-4E97-AF33-1F4E787CED53}.Debug-Lib|x64.Build.0 = Debug|x64
		{4C30B5FB-1E44-4E97-AF33-1F4E787CED53}.Debug-Lib|x86.ActiveCfg = Debug|Win32
		{4C30B5FB-1E44-4E97-AF33-1F4E787CED53}.Debug-Lib|x86.Build.0 = Debug|Win32
		{4C30B5FB-1E44-4E97-AF33-1F4E787CED53}.Release|x64.ActiveCfg = Release|x64
		{4C30B5FB-1E44-4E97-AF33-1F4E787CED53}.Release|x64.Build.0 = Release|x64
		{4C30B5FB-1E44-4E97-AF33-1F4E787CED53}.Release|x86.ActiveCfg = Release|Win32
		{4C30B5FB-1E44-4E97-AF33-1F4E787CED53}.Release|x86.Build.0 = Release|Win32
		{4C30B5FB-1E44-4E97-AF33-1F4E787CED53}.Release-Dll|x64.ActiveCfg = Release|x64
		{4C30B5FB-1E44-4E97-AF33-1F4E787CED53}.Release-Dll|x64.Build.0 = Release|x64
		{4C30B5FB-1E44-4E97-AF33-1F4E787CED53}.Release-Dll|x86.ActiveCfg = Release|Win32
		{4C30B5FB-1E44-4E97-AF33-1F4E787CED53}.Release-Dll|x86.Build.0 = Release|Win32
		{4C30B5FB-1E44-4E97-AF33-1F4E787CED53}.Release-Lib|x64.ActiveCfg = Release|x64
		{4C30B5FB-1E44-4E97-AF33-1F4E787CED53}.Release-Lib|x64.Build.0 = Release|x64
		{4C30B5FB-1E44-4E97-AF33-1F4E787CED53}.Release-Lib|x86.ActiveCfg = Release|Win32
		{4C30B5FB-1E44-4E97-AF33-1F4E787CED53}.Release-Lib|x86.Build.0 = Release|Win32
		{6FC755DE-1250-4E8A-9A55-F2547D112A81}.Debug|x64.ActiveCfg = Debug|x64
		{6FC755DE-1250-4E8A-9A55-F2547D112A81}.Debug|x64.Build.0 = Debug|x64
		{6FC755DE-1250-4E8A-9A55-F2547D112A81}.Debug|x86.ActiveCfg = Debug|Win32
		{6FC755DE-1250-4E8A-9A55-F2547D112A81}.Debug|x86.Build.0 = Debug|Win32
		{6FC755DE-1250-4E8A-9A55-F2547D112A81}.Debug-Dll|x64.ActiveCfg = Debug|x64
		{6FC755DE-1250-4E8A-9A55-F2547D112A81}.Debug-Dll|x64.Build.0 = Debug|x64
		{6FC755DE-1250-4E8A-9A55-F2547D112A81}.Debug-Dll|x86.ActiveCfg = Debug|Win32
		{6FC755DE-1250-4E8A-9A55-F2547D112A81}.Debug-Dll|x86.Build.0 = Debug|Win32
		{6FC755DE-1250-4E8A-9A55-F2547D112A81}.Debug-Lib|x64.ActiveCfg = Debug|x64
		{6FC755DE-1250-4E8A-9A55-F2547D112A81}.Debug-Lib|x64.Build.0 = Debug|x64
		{6FC755DE-1250-4E8A-9A55-F2547D112A81}.Debug-Lib|x86.ActiveCfg = Debug|Win32
		{6FC755DE-1250-4E8A-9A55-F2547D112A81}.Debug-Lib|x86.Build.0 = Debug|Win32
		{6FC755DE-1250-4E8A-9A55-F2547D112A81}.Release|x64.ActiveCfg = Release|x64
		{6FC755DE-1250-4E8A-9A55-F2547D112A81}.Release|x64.Build.0 = Release|x64
		{6FC755DE-1250-4E8A-9A55-F2547D112A81}.Release|x86.ActiveCfg = Release|Win32
		{6FC755DE-1250-4E8A-9A55-F2547D112A81}.Release|x86.Build.0 = Release|Win32
		{6FC755DE-1250-4E8A-9A55-F2547D112A81}.Release-Dll|x64.ActiveCfg = Release|x64
		{6FC755DE-1250-4E8A-9A55-F2547D112A81}.Release-Dll|x64.Build.0 = Release|x64
		{6FC755DE-1250-4E8A-9A55-F2547D112A81}.Release-Dll|x86.ActiveCfg = Release|Win32
		{6FC755DE-1250-4E8A-9A55-F2547D112A81}.Release-Dll|x86.Build.0 = Release|Win32
		{6FC755DE-1250-4E8A-9A55-F2547D112A81}.Release-Lib|x64.ActiveCfg = Release|x64
		{6FC755DE-1250-4E8A-9A55-F2547D112A81}.Release-Lib|x64.Build.0 = Release|x64
		{6FC755DE-1250-4E8A-9A55-F2547D112A81}.Release-Lib|x86.ActiveCfg = Release|Win32
		{6FC755DE-1250-4E8A-9A55-F2547D112A81}.Release-Lib|x86.Build.0 = Release|Win32
		{AEC11174-B830-450A-ADD6-3EFEB0D3A7C4}.Debug|x64.ActiveCfg = Debug|x64
		{AEC11174-B830-450A-ADD6-3EFEB0D3A7C4}.Debug|x64.Build.0 = Debug|x64
		{AEC11174-B830-450A-ADD6-3EFEB0D3A7C4}.Debug|x86.ActiveCfg = Debug|Win32
		{AEC11174-B830-450A-ADD6-3EFEB0D3A7C4}.Debug|x86.Build.0 = Debug|Win32
		{AEC11174-B830-450A-ADD6-3EFEB0D3A7C4}.Debug-Dll|x64.ActiveCfg = Debug|x64
		{AEC11174-B830-450A-ADD6-3EFEB0D3A7C4}.Debug-Dll|x64.Build.0 = Debug|x64
		{AEC11174-B830-450A-ADD6-3EFEB0D3A7C4}.Debug-Dll|x86.ActiveCfg = Debug|Win32
		{AEC11174-B830-450A-ADD6-3EFEB0D3A7C4}.Debug-Dll|x86.Build.0 = Debug|Win32
		{AEC11174-B830-450A-ADD6-3EFEB0D3A7C4}.Debug-Lib|x64.ActiveCfg = Debug|x64
		{AEC11174-B830-450A-ADD6-3EFEB0D3A7C4}.Debug-Lib|x64.Build.0 = Debug|x64
		{AEC11174-B830-450A-ADD6-3EFEB0D3A7C4}.Debug-Lib|x86.ActiveCfg = Debug|Win32
		{AEC11174-B830-450A-ADD6-3EFEB0D3A7C4}.Debug-Lib|x86.Build.0 = Debug|Win32
		{AEC11174-B830-450A-ADD6-3EFEB0D3A7C4}.Release|x64.ActiveCfg = Release|x64
		{AEC11174-B830-450A-ADD6-3EFEB0D3A7C4}.Release|x64.Build.0 = Release|x64
		{AEC11174-B830-450A-ADD6-3EFEB0D3A7C4}.Release|x86.ActiveCfg = Release|Win32
		{AEC11174-B830-450A-ADD6-3EFEB0D3A7C4}.Release|x86.Build.0 = Release|Win32
		{AEC11174-B830-450A-ADD6-3EFEB0D3A7C4}.Release-Dll|x64.ActiveCfg = Release|x64
		{AEC11174-B830-450A-ADD6-3EFEB0D3A7C4}.Release-Dll|x64.Build.0 = Release|x64
		{AEC11174-B830-450A-ADD6-3EFEB0D3A7C4}.Release-Dll|x86.ActiveCfg = Release|Win32
		{AEC11174-B830-450A-ADD6-3EFEB0D3A7C4}.Release-Dll|x86.Build.0 = Release|Win32
		{AEC11174-B830-450A-ADD6-3EFEB0D3A7C4}.Release-Lib|x64.ActiveCfg = Release|x64
		{AEC11174-B830-450A-ADD6-3EFEB0D3A7C4}.Release-Lib|x64.Build.0 = Release|x64
		{AEC11174-B830-450A-ADD6-3EFEB0D3A7C4}.Release-Lib|x86.ActiveCfg = Release|Win32
		{AEC11174-B830-450A-ADD6-3EFEB0D3A7C4}.Release-Lib|x86.Build.0 = Release|Win32
		{2CFC48EA-53A4-4197-BCCD-929202E2E62F}.Debug|x64.ActiveCfg = Debug|x64
		{2CFC48EA-53A4-4197-BCCD-929202E2E62F}.Debug|x64.Build.0 = Debug|x64
		{2CFC48EA-53A4-4197-BCCD-929202E2E62F}.Debug|x86.ActiveCfg = Debug|Win32
		{2CFC48EA-53A4-4197-BCCD-929202E2E62F}.Debug|x86.Build.0 = Debug|Win32
		{2CFC48EA-53A4-4197-BCCD-929202E2E62F}.Debug-Dll|x64.ActiveCfg = Debug|x64
		{2CFC48EA-53A4-4197-BCCD-929202E2E62F}.Debug-Dll|x64.Build.0 = Debug|x64
		{2CFC48EA-53A4-4197-BCCD-929202E2E62F}.Debug-Dll|x86.ActiveCfg = Debug|Win32
		{2CFC48EA-53A4-4197-BCCD-929202E2E62F}.Debug-Dll|x86.Build.0 = Debug|Win32
		{2CFC48EA-53A4-4197-BCCD-929202E2E62F}.Debug-Lib|x64.ActiveCfg = Debug|x64
		{2CFC48EA-53A4-4197-BCCD-929202E2E62F}.Debug-Lib|x64.Build.0 = Debug|x64
		{2CFC48EA-53A4-4197-BCCD-929202E2E62F}.Debug-Lib|x86.ActiveCfg = Debug|Win32
		{2CFC48EA-53A4-4197-BCCD-929202E2E62F}.Debug-Lib|x86.Build.0 = Debug|Win32
		{2CFC48EA-53A4-4197-BCCD-929202E2E62F}.Release|x64.ActiveCfg = Release|x64
		{2CFC48EA-53A4-4197-BCCD-929202E2E62F}.Release|x64.Build.0 = Release|x64
		{2CFC48EA-53A4-4197-BCCD-929202E2E62F}.Release|x86.ActiveCfg = Release|Win32
		{2CFC48EA-53A4-4197-BCCD-929202E2E62F}.Release|x86.Build.0 = Release|Win32
		{2CFC48EA-53A4-4197-BCCD-929202E2E62F}.Release-Dll|x64.ActiveCfg = Release|x64
		{2CFC48EA-53A4-4197-BCCD-929202E2E62F}.Release-Dll|x64.Build.0 = Release|x64
		{2CFC48EA-53A4-4197-BCCD-929202E2E62F}.Release-Dll|x86.ActiveCfg = Release|Win32
		{2CFC48EA-53A4-4197-BCCD-929202E2E62F}.Release-Dll|x86.Build.0 = Release|Win32
		{2CFC48EA-53A4-4197-BCCD-929202E2E62F}.Release-Lib|x64.ActiveCfg = Release|x64
		{2CFC48EA-53A4-4197-BCCD-929202E2E62F}.Release-Lib|x64.Build.0 = Release|x64
		{2CFC48EA-53A4-4197-BCCD-929202E2E62F}.Release-Lib|x86.ActiveCfg = Release|Win32
		{2CFC48EA-53A4-4197-BCCD-929202E2E62F}.Release-Lib|x86.Build.0 = Release|Win32
	EndGlobalSection
	GlobalSection(SolutionProperties) = preSolution
		HideSolutionNode = FALSE
	EndGlobalSection
	GlobalSection(NestedProjects) = preSolution
		{68AD3D23-7B5D-4C15-81F2-37B3290CC929} = {F244EA25-CC06-435E-A0BD-27FFB67C56B1}
		{D1C528B6-AA02-4D29-9D61-DC08E317A70D} = {90ACDB58-529F-4718-921B-429E74B42FBD}
		{DE14912F-64A7-4713-9E54-D39560750C56} = {A2AB19DB-A122-4144-B9B0-5DCC65B8BBDC}
		{4C30B5FB-1E44-4E97-AF33-1F4E787CED53} = {F244EA25-CC06-435E-A0BD-27FFB67C56B1}
		{6FC755DE-1250-4E8A-9A55-F2547D112A81} = {A2AB19DB-A122-4144-B9B0-5DCC65B8BBDC}
		{AEC11174-B830-450A-ADD6-3EFEB0D3A7C4} = {A2AB19DB-A122-4144-B9B0-5DCC65B8BBDC}
		{2CFC48EA-53A4-4197-BCCD-929202E2E62F} = {869576B3-1D39-421A-96BC-C9F7E4049CF2}
	EndGlobalSection
EndGlobal
