<?xml version="1.0" encoding="utf-8"?>
<Project ToolsVersion="4.0" xmlns="http://schemas.microsoft.com/developer/msbuild/2003">
  <ItemGroup>
    <Filter Include="system">
      <UniqueIdentifier>{787297fb-fb78-4a85-b0c7-d91f9cea082d}</UniqueIdentifier>
    </Filter>
    <Filter Include="common">
      <UniqueIdentifier>{eee9a242-0424-452f-be9e-949302fbc4d3}</UniqueIdentifier>
    </Filter>
    <Filter Include="application">
      <UniqueIdentifier>{f46acb26-4e3c-434a-b79f-e9a362dd03a5}</UniqueIdentifier>
    </Filter>
    <Filter Include="renderer">
      <UniqueIdentifier>{071ae49a-62c9-41d9-8df6-f923cd7ec111}</UniqueIdentifier>
    </Filter>
    <Filter Include="shader">
      <UniqueIdentifier>{629c2daa-aaf2-4550-a92e-e7df1a1b637c}</UniqueIdentifier>
    </Filter>
    <Filter Include="scene">
      <UniqueIdentifier>{b0344704-5a6c-4b6b-8727-cbbdecbef840}</UniqueIdentifier>
    </Filter>
    <Filter Include="resource">
      <UniqueIdentifier>{f6650c8d-8592-4839-b781-d99072078ac0}</UniqueIdentifier>
    </Filter>
    <Filter Include="mesh">
      <UniqueIdentifier>{12214434-5520-4be8-aadd-04e50d06351d}</UniqueIdentifier>
    </Filter>
  </ItemGroup>
  <ItemGroup>
    <ClInclude Include="common\engine_defines.h">
      <Filter>common</Filter>
    </ClInclude>
    <ClInclude Include="application\engine_application.h">
      <Filter>application</Filter>
    </ClInclude>
    <ClInclude Include="system\wing_system.h">
      <Filter>system</Filter>
    </ClInclude>
    <ClInclude Include="renderer\renderer_system.h">
      <Filter>renderer</Filter>
    </ClInclude>
    <ClInclude Include="renderer\renderer_context.h">
      <Filter>renderer</Filter>
    </ClInclude>
    <ClInclude Include="common\constant.h">
      <Filter>common</Filter>
    </ClInclude>
    <ClInclude Include="renderer\program.h">
      <Filter>renderer</Filter>
    </ClInclude>
    <ClInclude Include="shader\test_shader.h">
      <Filter>shader</Filter>
    </ClInclude>
    <ClInclude Include="renderer\camera.h">
      <Filter>renderer</Filter>
    </ClInclude>
    <ClInclude Include="shader\shader.h">
      <Filter>shader</Filter>
    </ClInclude>
    <ClInclude Include="scene\node.h">
      <Filter>scene</Filter>
    </ClInclude>
    <ClInclude Include="renderer\renderable.h">
      <Filter>renderer</Filter>
    </ClInclude>
    <ClInclude Include="resource\resource.h">
      <Filter>resource</Filter>
    </ClInclude>
    <ClInclude Include="resource\resource_system.h">
      <Filter>resource</Filter>
    </ClInclude>
    <ClInclude Include="resource\resource_reader.h">
      <Filter>resource</Filter>
    </ClInclude>
    <ClInclude Include="resource\resource_writer.h">
      <Filter>resource</Filter>
    </ClInclude>
    <ClInclude Include="mesh\mesh.h">
      <Filter>mesh</Filter>
    </ClInclude>
    <ClInclude Include="mesh\submesh.h">
      <Filter>mesh</Filter>
    </ClInclude>
    <ClInclude Include="mesh\mesh_reader.h">
      <Filter>mesh</Filter>
    </ClInclude>
    <ClInclude Include="mesh\mesh_define.h">
      <Filter>mesh</Filter>
    </ClInclude>
    <ClInclude Include="scene\scene_system.h">
      <Filter>scene</Filter>
    </ClInclude>
  </ItemGroup>
  <ItemGroup>
    <ClCompile Include="application\engine_application.cpp">
      <Filter>application</Filter>
    </ClCompile>
    <ClCompile Include="system\wing_system.cpp">
      <Filter>system</Filter>
    </ClCompile>
    <ClCompile Include="renderer\renderer_system.cpp">
      <Filter>renderer</Filter>
    </ClCompile>
    <ClCompile Include="renderer\renderer_context.cpp">
      <Filter>renderer</Filter>
    </ClCompile>
    <ClCompile Include="renderer\program.cpp">
      <Filter>renderer</Filter>
    </ClCompile>
    <ClCompile Include="renderer\camera.cpp">
      <Filter>renderer</Filter>
    </ClCompile>
    <ClCompile Include="scene\node.cpp">
      <Filter>scene</Filter>
    </ClCompile>
    <ClCompile Include="renderer\renderable.cpp">
      <Filter>renderer</Filter>
    </ClCompile>
    <ClCompile Include="resource\resource.cpp">
      <Filter>resource</Filter>
    </ClCompile>
    <ClCompile Include="resource\resource_system.cpp">
      <Filter>resource</Filter>
    </ClCompile>
    <ClCompile Include="resource\resource_reader.cpp">
      <Filter>resource</Filter>
    </ClCompile>
    <ClCompile Include="resource\resource_writer.cpp">
      <Filter>resource</Filter>
    </ClCompile>
    <ClCompile Include="mesh\mesh.cpp">
      <Filter>mesh</Filter>
    </ClCompile>
    <ClCompile Include="mesh\submesh.cpp">
      <Filter>mesh</Filter>
    </ClCompile>
    <ClCompile Include="mesh\mesh_reader.cpp">
      <Filter>mesh</Filter>
    </ClCompile>
    <ClCompile Include="scene\scene_system.cpp">
      <Filter>scene</Filter>
    </ClCompile>
  </ItemGroup>
</Project>